
Microsoft Visual Studio Solution File, Format Version 12.00
# Visual Studio Version 17
VisualStudioVersion = 17.0.31903.59
MinimumVisualStudioVersion = 10.0.40219.1
Project("{2150E333-8FDC-42A3-9474-1A3956D46DE8}") = "shared", "shared", "{4F52FD11-658E-A102-6CD3-7D7C16FFA15B}"
EndProject
Project("{FAE04EC0-301F-11D3-BF4B-00C04F79EFBC}") = "MyDrTv.Contracts", "shared\MyDrTv.Contracts\MyDrTv.Contracts.csproj", "{B7CBAD31-C4BC-4CF6-BDAB-23664F45B5C6}"
EndProject
Project("{2150E333-8FDC-42A3-9474-1A3956D46DE8}") = "src", "src", "{827E0CD3-B72D-47B6-A68D-7590B98EB39B}"
EndProject
Project("{FAE04EC0-301F-11D3-BF4B-00C04F79EFBC}") = "IdentityService", "src\IdentityService\IdentityService.csproj", "{0885BA28-321A-4903-A969-0A55B3020618}"
EndProject
Project("{FAE04EC0-301F-11D3-BF4B-00C04F79EFBC}") = "CatalogueService", "src\CatalogueService\CatalogueService.csproj", "{157D3472-DDDF-4BCE-B41A-8421FE7248E7}"
EndProject
Project("{FAE04EC0-301F-11D3-BF4B-00C04F79EFBC}") = "RatingsService", "src\RatingsService\RatingsService.csproj", "{EA8B43E6-2451-4CE2-B1AE-9FFD3862014D}"
EndProject
Project("{FAE04EC0-301F-11D3-BF4B-00C04F79EFBC}") = "SearchService", "src\SearchService\SearchService.csproj", "{D5446742-D0A7-48E0-9187-46174024E0CE}"
EndProject
Project("{FAE04EC0-301F-11D3-BF4B-00C04F79EFBC}") = "RecommendationService", "src\RecommendationService\RecommendationService.csproj", "{F8D68F64-61AF-4DF2-A51C-04632FB4ECF4}"
EndProject
Global
	GlobalSection(SolutionConfigurationPlatforms) = preSolution
		Debug|Any CPU = Debug|Any CPU
		Debug|x64 = Debug|x64
		Debug|x86 = Debug|x86
		Release|Any CPU = Release|Any CPU
		Release|x64 = Release|x64
		Release|x86 = Release|x86
	EndGlobalSection
	GlobalSection(ProjectConfigurationPlatforms) = postSolution
		{B7CBAD31-C4BC-4CF6-BDAB-23664F45B5C6}.Debug|Any CPU.ActiveCfg = Debug|Any CPU
		{B7CBAD31-C4BC-4CF6-BDAB-23664F45B5C6}.Debug|Any CPU.Build.0 = Debug|Any CPU
		{B7CBAD31-C4BC-4CF6-BDAB-23664F45B5C6}.Debug|x64.ActiveCfg = Debug|Any CPU
		{B7CBAD31-C4BC-4CF6-BDAB-23664F45B5C6}.Debug|x64.Build.0 = Debug|Any CPU
		{B7CBAD31-C4BC-4CF6-BDAB-23664F45B5C6}.Debug|x86.ActiveCfg = Debug|Any CPU
		{B7CBAD31-C4BC-4CF6-BDAB-23664F45B5C6}.Debug|x86.Build.0 = Debug|Any CPU
		{B7CBAD31-C4BC-4CF6-BDAB-23664F45B5C6}.Release|Any CPU.ActiveCfg = Release|Any CPU
		{B7CBAD31-C4BC-4CF6-BDAB-23664F45B5C6}.Release|Any CPU.Build.0 = Release|Any CPU
		{B7CBAD31-C4BC-4CF6-BDAB-23664F45B5C6}.Release|x64.ActiveCfg = Release|Any CPU
		{B7CBAD31-C4BC-4CF6-BDAB-23664F45B5C6}.Release|x64.Build.0 = Release|Any CPU
		{B7CBAD31-C4BC-4CF6-BDAB-23664F45B5C6}.Release|x86.ActiveCfg = Release|Any CPU
		{B7CBAD31-C4BC-4CF6-BDAB-23664F45B5C6}.Release|x86.Build.0 = Release|Any CPU
		{0885BA28-321A-4903-A969-0A55B3020618}.Debug|Any CPU.ActiveCfg = Debug|Any CPU
		{0885BA28-321A-4903-A969-0A55B3020618}.Debug|Any CPU.Build.0 = Debug|Any CPU
		{0885BA28-321A-4903-A969-0A55B3020618}.Debug|x64.ActiveCfg = Debug|Any CPU
		{0885BA28-321A-4903-A969-0A55B3020618}.Debug|x64.Build.0 = Debug|Any CPU
		{0885BA28-321A-4903-A969-0A55B3020618}.Debug|x86.ActiveCfg = Debug|Any CPU
		{0885BA28-321A-4903-A969-0A55B3020618}.Debug|x86.Build.0 = Debug|Any CPU
		{0885BA28-321A-4903-A969-0A55B3020618}.Release|Any CPU.ActiveCfg = Release|Any CPU
		{0885BA28-321A-4903-A969-0A55B3020618}.Release|Any CPU.Build.0 = Release|Any CPU
		{0885BA28-321A-4903-A969-0A55B3020618}.Release|x64.ActiveCfg = Release|Any CPU
		{0885BA28-321A-4903-A969-0A55B3020618}.Release|x64.Build.0 = Release|Any CPU
		{0885BA28-321A-4903-A969-0A55B3020618}.Release|x86.ActiveCfg = Release|Any CPU
		{0885BA28-321A-4903-A969-0A55B3020618}.Release|x86.Build.0 = Release|Any CPU
		{157D3472-DDDF-4BCE-B41A-8421FE7248E7}.Debug|Any CPU.ActiveCfg = Debug|Any CPU
		{157D3472-DDDF-4BCE-B41A-8421FE7248E7}.Debug|Any CPU.Build.0 = Debug|Any CPU
		{157D3472-DDDF-4BCE-B41A-8421FE7248E7}.Debug|x64.ActiveCfg = Debug|Any CPU
		{157D3472-DDDF-4BCE-B41A-8421FE7248E7}.Debug|x64.Build.0 = Debug|Any CPU
		{157D3472-DDDF-4BCE-B41A-8421FE7248E7}.Debug|x86.ActiveCfg = Debug|Any CPU
		{157D3472-DDDF-4BCE-B41A-8421FE7248E7}.Debug|x86.Build.0 = Debug|Any CPU
		{157D3472-DDDF-4BCE-B41A-8421FE7248E7}.Release|Any CPU.ActiveCfg = Release|Any CPU
		{157D3472-DDDF-4BCE-B41A-8421FE7248E7}.Release|Any CPU.Build.0 = Release|Any CPU
		{157D3472-DDDF-4BCE-B41A-8421FE7248E7}.Release|x64.ActiveCfg = Release|Any CPU
		{157D3472-DDDF-4BCE-B41A-8421FE7248E7}.Release|x64.Build.0 = Release|Any CPU
		{157D3472-DDDF-4BCE-B41A-8421FE7248E7}.Release|x86.ActiveCfg = Release|Any CPU
		{157D3472-DDDF-4BCE-B41A-8421FE7248E7}.Release|x86.Build.0 = Release|Any CPU
		{EA8B43E6-2451-4CE2-B1AE-9FFD3862014D}.Debug|Any CPU.ActiveCfg = Debug|Any CPU
		{EA8B43E6-2451-4CE2-B1AE-9FFD3862014D}.Debug|Any CPU.Build.0 = Debug|Any CPU
		{EA8B43E6-2451-4CE2-B1AE-9FFD3862014D}.Debug|x64.ActiveCfg = Debug|Any CPU
		{EA8B43E6-2451-4CE2-B1AE-9FFD3862014D}.Debug|x64.Build.0 = Debug|Any CPU
		{EA8B43E6-2451-4CE2-B1AE-9FFD3862014D}.Debug|x86.ActiveCfg = Debug|Any CPU
		{EA8B43E6-2451-4CE2-B1AE-9FFD3862014D}.Debug|x86.Build.0 = Debug|Any CPU
		{EA8B43E6-2451-4CE2-B1AE-9FFD3862014D}.Release|Any CPU.ActiveCfg = Release|Any CPU
		{EA8B43E6-2451-4CE2-B1AE-9FFD3862014D}.Release|Any CPU.Build.0 = Release|Any CPU
		{EA8B43E6-2451-4CE2-B1AE-9FFD3862014D}.Release|x64.ActiveCfg = Release|Any CPU
		{EA8B43E6-2451-4CE2-B1AE-9FFD3862014D}.Release|x64.Build.0 = Release|Any CPU
		{EA8B43E6-2451-4CE2-B1AE-9FFD3862014D}.Release|x86.ActiveCfg = Release|Any CPU
		{EA8B43E6-2451-4CE2-B1AE-9FFD3862014D}.Release|x86.Build.0 = Release|Any CPU
		{D5446742-D0A7-48E0-9187-46174024E0CE}.Debug|Any CPU.ActiveCfg = Debug|Any CPU
		{D5446742-D0A7-48E0-9187-46174024E0CE}.Debug|Any CPU.Build.0 = Debug|Any CPU
		{D5446742-D0A7-48E0-9187-46174024E0CE}.Debug|x64.ActiveCfg = Debug|Any CPU
		{D5446742-D0A7-48E0-9187-46174024E0CE}.Debug|x64.Build.0 = Debug|Any CPU
		{D5446742-D0A7-48E0-9187-46174024E0CE}.Debug|x86.ActiveCfg = Debug|Any CPU
		{D5446742-D0A7-48E0-9187-46174024E0CE}.Debug|x86.Build.0 = Debug|Any CPU
		{D5446742-D0A7-48E0-9187-46174024E0CE}.Release|Any CPU.ActiveCfg = Release|Any CPU
		{D5446742-D0A7-48E0-9187-46174024E0CE}.Release|Any CPU.Build.0 = Release|Any CPU
		{D5446742-D0A7-48E0-9187-46174024E0CE}.Release|x64.ActiveCfg = Release|Any CPU
		{D5446742-D0A7-48E0-9187-46174024E0CE}.Release|x64.Build.0 = Release|Any CPU
		{D5446742-D0A7-48E0-9187-46174024E0CE}.Release|x86.ActiveCfg = Release|Any CPU
		{D5446742-D0A7-48E0-9187-46174024E0CE}.Release|x86.Build.0 = Release|Any CPU
		{F8D68F64-61AF-4DF2-A51C-04632FB4ECF4}.Debug|Any CPU.ActiveCfg = Debug|Any CPU
		{F8D68F64-61AF-4DF2-A51C-04632FB4ECF4}.Debug|Any CPU.Build.0 = Debug|Any CPU
		{F8D68F64-61AF-4DF2-A51C-04632FB4ECF4}.Debug|x64.ActiveCfg = Debug|Any CPU
		{F8D68F64-61AF-4DF2-A51C-04632FB4ECF4}.Debug|x64.Build.0 = Debug|Any CPU
		{F8D68F64-61AF-4DF2-A51C-04632FB4ECF4}.Debug|x86.ActiveCfg = Debug|Any CPU
		{F8D68F64-61AF-4DF2-A51C-04632FB4ECF4}.Debug|x86.Build.0 = Debug|Any CPU
		{F8D68F64-61AF-4DF2-A51C-04632FB4ECF4}.Release|Any CPU.ActiveCfg = Release|Any CPU
		{F8D68F64-61AF-4DF2-A51C-04632FB4ECF4}.Release|Any CPU.Build.0 = Release|Any CPU
		{F8D68F64-61AF-4DF2-A51C-04632FB4ECF4}.Release|x64.ActiveCfg = Release|Any CPU
		{F8D68F64-61AF-4DF2-A51C-04632FB4ECF4}.Release|x64.Build.0 = Release|Any CPU
		{F8D68F64-61AF-4DF2-A51C-04632FB4ECF4}.Release|x86.ActiveCfg = Release|Any CPU
		{F8D68F64-61AF-4DF2-A51C-04632FB4ECF4}.Release|x86.Build.0 = Release|Any CPU
	EndGlobalSection
	GlobalSection(SolutionProperties) = preSolution
		HideSolutionNode = FALSE
	EndGlobalSection
	GlobalSection(NestedProjects) = preSolution
		{B7CBAD31-C4BC-4CF6-BDAB-23664F45B5C6} = {4F52FD11-658E-A102-6CD3-7D7C16FFA15B}
		{0885BA28-321A-4903-A969-0A55B3020618} = {827E0CD3-B72D-47B6-A68D-7590B98EB39B}
		{157D3472-DDDF-4BCE-B41A-8421FE7248E7} = {827E0CD3-B72D-47B6-A68D-7590B98EB39B}
		{EA8B43E6-2451-4CE2-B1AE-9FFD3862014D} = {827E0CD3-B72D-47B6-A68D-7590B98EB39B}
		{D5446742-D0A7-48E0-9187-46174024E0CE} = {827E0CD3-B72D-47B6-A68D-7590B98EB39B}
		{F8D68F64-61AF-4DF2-A51C-04632FB4ECF4} = {827E0CD3-B72D-47B6-A68D-7590B98EB39B}
	EndGlobalSection
EndGlobal
